{
  "name": "vformation",
  "lockfileVersion": 3,
  "requires": true,
  "packages": {
    "": {
      "devDependencies": {
        "@huatalk/hiding-skill": "^0.9.2"
      }
    },
    "node_modules/@huatalk/hiding-skill": {
      "version": "0.9.2",
      "resolved": "https://registry.npmjs.org/@huatalk/hiding-skill/-/hiding-skill-0.9.2.tgz",
      "integrity": "sha512-753Wnd2lBJGVJX7Y2eKvfZlE7Eg9KeNlIrGpLOizu8OecsBVQ1OKYJn2eGQ6cj9IQdqQ5j4g9CIUV4G35VBlwQ==",
      "dev": true,
      "license": "MIT",
      "engines": {
        "node": ">=20"
      }
    }
  }
}
